
Microsoft Visual Studio Solution File, Format Version 10.00
# Visual Studio 2008
Project("{8BC9CEB8-8B4A-11D0-8D11-00A0C91BC942}") = "StringLength", "StringLength\StringLength.vcproj", "{FF553E49-2AFA-4443-998E-0886E0354604}"
EndProject
Global
	GlobalSection(SolutionConfigurationPlatforms) = preSolution
		Debug|Win32 = Debug|Win32
		Release|Win32 = Release|Win32
	EndGlobalSection
	GlobalSection(ProjectConfigurationPlatforms) = postSolution
		{FF553E49-2AFA-4443-998E-0886E0354604}.Debug|Win32.ActiveCfg = Debug|Win32
		{FF553E49-2AFA-4443-998E-0886E0354604}.Debug|Win32.Build.0 = Debug|Win32
		{FF553E49-2AFA-4443-998E-0886E0354604}.Release|Win32.ActiveCfg = Release|Win32
		{FF553E49-2AFA-4443-998E-0886E0354604}.Release|Win32.Build.0 = Release|Win32
	EndGlobalSection
	GlobalSection(SolutionProperties) = preSolution
		HideSolutionNode = FALSE
	EndGlobalSection
EndGlobal
