
Microsoft Visual Studio Solution File, Format Version 10.00
# Visual Studio 2008
Project("{8BC9CEB8-8B4A-11D0-8D11-00A0C91BC942}") = "_3_string", "_3_string\_3_string.vcproj", "{9857C245-6A4E-4530-BF16-8C4AA6D35DAC}"
EndProject
Global
	GlobalSection(SolutionConfigurationPlatforms) = preSolution
		Debug|Win32 = Debug|Win32
		Release|Win32 = Release|Win32
	EndGlobalSection
	GlobalSection(ProjectConfigurationPlatforms) = postSolution
		{9857C245-6A4E-4530-BF16-8C4AA6D35DAC}.Debug|Win32.ActiveCfg = Debug|Win32
		{9857C245-6A4E-4530-BF16-8C4AA6D35DAC}.Debug|Win32.Build.0 = Debug|Win32
		{9857C245-6A4E-4530-BF16-8C4AA6D35DAC}.Release|Win32.ActiveCfg = Release|Win32
		{9857C245-6A4E-4530-BF16-8C4AA6D35DAC}.Release|Win32.Build.0 = Release|Win32
	EndGlobalSection
	GlobalSection(SolutionProperties) = preSolution
		HideSolutionNode = FALSE
	EndGlobalSection
EndGlobal
