
Microsoft Visual Studio Solution File, Format Version 11.00
# Visual Studio 2010
Project("{8BC9CEB8-8B4A-11D0-8D11-00A0C91BC942}") = "HomeWork2_EX1", "HomeWork2_EX1\HomeWork2_EX1.vcxproj", "{25A1CCBE-4D8A-4F5F-A586-C9FB6B52D790}"
EndProject
Global
	GlobalSection(SolutionConfigurationPlatforms) = preSolution
		Debug|Win32 = Debug|Win32
		Release|Win32 = Release|Win32
	EndGlobalSection
	GlobalSection(ProjectConfigurationPlatforms) = postSolution
		{25A1CCBE-4D8A-4F5F-A586-C9FB6B52D790}.Debug|Win32.ActiveCfg = Debug|Win32
		{25A1CCBE-4D8A-4F5F-A586-C9FB6B52D790}.Debug|Win32.Build.0 = Debug|Win32
		{25A1CCBE-4D8A-4F5F-A586-C9FB6B52D790}.Release|Win32.ActiveCfg = Release|Win32
		{25A1CCBE-4D8A-4F5F-A586-C9FB6B52D790}.Release|Win32.Build.0 = Release|Win32
	EndGlobalSection
	GlobalSection(SolutionProperties) = preSolution
		HideSolutionNode = FALSE
	EndGlobalSection
EndGlobal
