
Microsoft Visual Studio Solution File, Format Version 10.00
# Visual Studio 2008
Project("{8BC9CEB8-8B4A-11D0-8D11-00A0C91BC942}") = "q11", "q11\q11.vcproj", "{7BCC68D6-4623-4589-9258-C7C991EF825F}"
EndProject
Global
	GlobalSection(SolutionConfigurationPlatforms) = preSolution
		Debug|Win32 = Debug|Win32
		Release|Win32 = Release|Win32
	EndGlobalSection
	GlobalSection(ProjectConfigurationPlatforms) = postSolution
		{7BCC68D6-4623-4589-9258-C7C991EF825F}.Debug|Win32.ActiveCfg = Debug|Win32
		{7BCC68D6-4623-4589-9258-C7C991EF825F}.Debug|Win32.Build.0 = Debug|Win32
		{7BCC68D6-4623-4589-9258-C7C991EF825F}.Release|Win32.ActiveCfg = Release|Win32
		{7BCC68D6-4623-4589-9258-C7C991EF825F}.Release|Win32.Build.0 = Release|Win32
	EndGlobalSection
	GlobalSection(SolutionProperties) = preSolution
		HideSolutionNode = FALSE
	EndGlobalSection
EndGlobal
