
Microsoft Visual Studio Solution File, Format Version 10.00
# Visual Studio 2008
Project("{8BC9CEB8-8B4A-11D0-8D11-00A0C91BC942}") = "MatrixTranspose", "MatrixTranspose\MatrixTranspose.vcproj", "{C81C83A6-E5DB-46E8-B2FB-0502AAE35F75}"
EndProject
Global
	GlobalSection(SolutionConfigurationPlatforms) = preSolution
		Debug|Win32 = Debug|Win32
		Release|Win32 = Release|Win32
	EndGlobalSection
	GlobalSection(ProjectConfigurationPlatforms) = postSolution
		{C81C83A6-E5DB-46E8-B2FB-0502AAE35F75}.Debug|Win32.ActiveCfg = Debug|Win32
		{C81C83A6-E5DB-46E8-B2FB-0502AAE35F75}.Debug|Win32.Build.0 = Debug|Win32
		{C81C83A6-E5DB-46E8-B2FB-0502AAE35F75}.Release|Win32.ActiveCfg = Release|Win32
		{C81C83A6-E5DB-46E8-B2FB-0502AAE35F75}.Release|Win32.Build.0 = Release|Win32
	EndGlobalSection
	GlobalSection(SolutionProperties) = preSolution
		HideSolutionNode = FALSE
	EndGlobalSection
EndGlobal
