
Microsoft Visual Studio Solution File, Format Version 10.00
# Visual Studio 2008
Project("{8BC9CEB8-8B4A-11D0-8D11-00A0C91BC942}") = "q2s", "q2s\q2s.vcproj", "{449AA056-E6AE-4F16-89F5-4D2A15EA7A4C}"
EndProject
Global
	GlobalSection(SolutionConfigurationPlatforms) = preSolution
		Debug|Win32 = Debug|Win32
		Release|Win32 = Release|Win32
	EndGlobalSection
	GlobalSection(ProjectConfigurationPlatforms) = postSolution
		{449AA056-E6AE-4F16-89F5-4D2A15EA7A4C}.Debug|Win32.ActiveCfg = Debug|Win32
		{449AA056-E6AE-4F16-89F5-4D2A15EA7A4C}.Debug|Win32.Build.0 = Debug|Win32
		{449AA056-E6AE-4F16-89F5-4D2A15EA7A4C}.Release|Win32.ActiveCfg = Release|Win32
		{449AA056-E6AE-4F16-89F5-4D2A15EA7A4C}.Release|Win32.Build.0 = Release|Win32
	EndGlobalSection
	GlobalSection(SolutionProperties) = preSolution
		HideSolutionNode = FALSE
	EndGlobalSection
EndGlobal
