
Microsoft Visual Studio Solution File, Format Version 10.00
# Visual Studio 2008
Project("{8BC9CEB8-8B4A-11D0-8D11-00A0C91BC942}") = "q13", "q13\q13.vcproj", "{ED01FF10-678A-4606-8BD0-E5D0BC933C1B}"
EndProject
Global
	GlobalSection(SolutionConfigurationPlatforms) = preSolution
		Debug|Win32 = Debug|Win32
		Release|Win32 = Release|Win32
	EndGlobalSection
	GlobalSection(ProjectConfigurationPlatforms) = postSolution
		{ED01FF10-678A-4606-8BD0-E5D0BC933C1B}.Debug|Win32.ActiveCfg = Debug|Win32
		{ED01FF10-678A-4606-8BD0-E5D0BC933C1B}.Debug|Win32.Build.0 = Debug|Win32
		{ED01FF10-678A-4606-8BD0-E5D0BC933C1B}.Release|Win32.ActiveCfg = Release|Win32
		{ED01FF10-678A-4606-8BD0-E5D0BC933C1B}.Release|Win32.Build.0 = Release|Win32
	EndGlobalSection
	GlobalSection(SolutionProperties) = preSolution
		HideSolutionNode = FALSE
	EndGlobalSection
EndGlobal
