
Microsoft Visual Studio Solution File, Format Version 10.00
# Visual Studio 2008
Project("{8BC9CEB8-8B4A-11D0-8D11-00A0C91BC942}") = "CheckVowels", "CheckVowels\CheckVowels.vcproj", "{D810198F-B543-4258-8B09-B7BF8D3D66AD}"
EndProject
Global
	GlobalSection(SolutionConfigurationPlatforms) = preSolution
		Debug|Win32 = Debug|Win32
		Release|Win32 = Release|Win32
	EndGlobalSection
	GlobalSection(ProjectConfigurationPlatforms) = postSolution
		{D810198F-B543-4258-8B09-B7BF8D3D66AD}.Debug|Win32.ActiveCfg = Debug|Win32
		{D810198F-B543-4258-8B09-B7BF8D3D66AD}.Debug|Win32.Build.0 = Debug|Win32
		{D810198F-B543-4258-8B09-B7BF8D3D66AD}.Release|Win32.ActiveCfg = Release|Win32
		{D810198F-B543-4258-8B09-B7BF8D3D66AD}.Release|Win32.Build.0 = Release|Win32
	EndGlobalSection
	GlobalSection(SolutionProperties) = preSolution
		HideSolutionNode = FALSE
	EndGlobalSection
EndGlobal
