
Microsoft Visual Studio Solution File, Format Version 10.00
# Visual Studio 2008
Project("{8BC9CEB8-8B4A-11D0-8D11-00A0C91BC942}") = "sess_3", "sess_3\sess_3.vcproj", "{319E23D9-8762-4AD1-9AE7-3ED209A29D35}"
EndProject
Global
	GlobalSection(SolutionConfigurationPlatforms) = preSolution
		Debug|Win32 = Debug|Win32
		Release|Win32 = Release|Win32
	EndGlobalSection
	GlobalSection(ProjectConfigurationPlatforms) = postSolution
		{319E23D9-8762-4AD1-9AE7-3ED209A29D35}.Debug|Win32.ActiveCfg = Debug|Win32
		{319E23D9-8762-4AD1-9AE7-3ED209A29D35}.Debug|Win32.Build.0 = Debug|Win32
		{319E23D9-8762-4AD1-9AE7-3ED209A29D35}.Release|Win32.ActiveCfg = Release|Win32
		{319E23D9-8762-4AD1-9AE7-3ED209A29D35}.Release|Win32.Build.0 = Release|Win32
	EndGlobalSection
	GlobalSection(SolutionProperties) = preSolution
		HideSolutionNode = FALSE
	EndGlobalSection
EndGlobal
