
Microsoft Visual Studio Solution File, Format Version 10.00
# Visual Studio 2008
Project("{8BC9CEB8-8B4A-11D0-8D11-00A0C91BC942}") = "Ex2_1", "Ex2_1\Ex2_1.vcproj", "{B9B3950E-ADF6-4BBB-8FF5-B821396EDF9F}"
EndProject
Global
	GlobalSection(SolutionConfigurationPlatforms) = preSolution
		Debug|Win32 = Debug|Win32
		Release|Win32 = Release|Win32
	EndGlobalSection
	GlobalSection(ProjectConfigurationPlatforms) = postSolution
		{B9B3950E-ADF6-4BBB-8FF5-B821396EDF9F}.Debug|Win32.ActiveCfg = Debug|Win32
		{B9B3950E-ADF6-4BBB-8FF5-B821396EDF9F}.Debug|Win32.Build.0 = Debug|Win32
		{B9B3950E-ADF6-4BBB-8FF5-B821396EDF9F}.Release|Win32.ActiveCfg = Release|Win32
		{B9B3950E-ADF6-4BBB-8FF5-B821396EDF9F}.Release|Win32.Build.0 = Release|Win32
	EndGlobalSection
	GlobalSection(SolutionProperties) = preSolution
		HideSolutionNode = FALSE
	EndGlobalSection
EndGlobal
