
Microsoft Visual Studio Solution File, Format Version 10.00
# Visual Studio 2008
Project("{8BC9CEB8-8B4A-11D0-8D11-00A0C91BC942}") = "q5", "q5\q5.vcproj", "{FB1AE8D1-C628-49F9-9150-905AC414AE5C}"
EndProject
Global
	GlobalSection(SolutionConfigurationPlatforms) = preSolution
		Debug|Win32 = Debug|Win32
		Release|Win32 = Release|Win32
	EndGlobalSection
	GlobalSection(ProjectConfigurationPlatforms) = postSolution
		{FB1AE8D1-C628-49F9-9150-905AC414AE5C}.Debug|Win32.ActiveCfg = Debug|Win32
		{FB1AE8D1-C628-49F9-9150-905AC414AE5C}.Debug|Win32.Build.0 = Debug|Win32
		{FB1AE8D1-C628-49F9-9150-905AC414AE5C}.Release|Win32.ActiveCfg = Release|Win32
		{FB1AE8D1-C628-49F9-9150-905AC414AE5C}.Release|Win32.Build.0 = Release|Win32
	EndGlobalSection
	GlobalSection(SolutionProperties) = preSolution
		HideSolutionNode = FALSE
	EndGlobalSection
EndGlobal
