
Microsoft Visual Studio Solution File, Format Version 10.00
# Visual Studio 2008
Project("{8BC9CEB8-8B4A-11D0-8D11-00A0C91BC942}") = "Ex2_4", "Ex2_4\Ex2_4.vcproj", "{DBB85F36-2FCF-47AF-8DFE-4836634D2384}"
EndProject
Global
	GlobalSection(SolutionConfigurationPlatforms) = preSolution
		Debug|Win32 = Debug|Win32
		Release|Win32 = Release|Win32
	EndGlobalSection
	GlobalSection(ProjectConfigurationPlatforms) = postSolution
		{DBB85F36-2FCF-47AF-8DFE-4836634D2384}.Debug|Win32.ActiveCfg = Debug|Win32
		{DBB85F36-2FCF-47AF-8DFE-4836634D2384}.Debug|Win32.Build.0 = Debug|Win32
		{DBB85F36-2FCF-47AF-8DFE-4836634D2384}.Release|Win32.ActiveCfg = Release|Win32
		{DBB85F36-2FCF-47AF-8DFE-4836634D2384}.Release|Win32.Build.0 = Release|Win32
	EndGlobalSection
	GlobalSection(SolutionProperties) = preSolution
		HideSolutionNode = FALSE
	EndGlobalSection
EndGlobal
