
Microsoft Visual Studio Solution File, Format Version 10.00
# Visual Studio 2008
Project("{8BC9CEB8-8B4A-11D0-8D11-00A0C91BC942}") = "FactorialRecursion", "FactorialRecursion\FactorialRecursion.vcproj", "{C02F15A6-E181-46B4-8CCF-11EB6831D45F}"
EndProject
Global
	GlobalSection(SolutionConfigurationPlatforms) = preSolution
		Debug|Win32 = Debug|Win32
		Release|Win32 = Release|Win32
	EndGlobalSection
	GlobalSection(ProjectConfigurationPlatforms) = postSolution
		{C02F15A6-E181-46B4-8CCF-11EB6831D45F}.Debug|Win32.ActiveCfg = Debug|Win32
		{C02F15A6-E181-46B4-8CCF-11EB6831D45F}.Debug|Win32.Build.0 = Debug|Win32
		{C02F15A6-E181-46B4-8CCF-11EB6831D45F}.Release|Win32.ActiveCfg = Release|Win32
		{C02F15A6-E181-46B4-8CCF-11EB6831D45F}.Release|Win32.Build.0 = Release|Win32
	EndGlobalSection
	GlobalSection(SolutionProperties) = preSolution
		HideSolutionNode = FALSE
	EndGlobalSection
EndGlobal
