
Microsoft Visual Studio Solution File, Format Version 10.00
# Visual Studio 2008
Project("{8BC9CEB8-8B4A-11D0-8D11-00A0C91BC942}") = "Ex1_5", "Ex1_5\Ex1_5.vcproj", "{40642BA0-46C9-4AFB-9C7D-7E5DB08C95B4}"
EndProject
Global
	GlobalSection(SolutionConfigurationPlatforms) = preSolution
		Debug|Win32 = Debug|Win32
		Release|Win32 = Release|Win32
	EndGlobalSection
	GlobalSection(ProjectConfigurationPlatforms) = postSolution
		{40642BA0-46C9-4AFB-9C7D-7E5DB08C95B4}.Debug|Win32.ActiveCfg = Debug|Win32
		{40642BA0-46C9-4AFB-9C7D-7E5DB08C95B4}.Debug|Win32.Build.0 = Debug|Win32
		{40642BA0-46C9-4AFB-9C7D-7E5DB08C95B4}.Release|Win32.ActiveCfg = Release|Win32
		{40642BA0-46C9-4AFB-9C7D-7E5DB08C95B4}.Release|Win32.Build.0 = Release|Win32
	EndGlobalSection
	GlobalSection(SolutionProperties) = preSolution
		HideSolutionNode = FALSE
	EndGlobalSection
EndGlobal
