
Microsoft Visual Studio Solution File, Format Version 10.00
# Visual Studio 2008
Project("{8BC9CEB8-8B4A-11D0-8D11-00A0C91BC942}") = "Assignment_H.W._2", "Assignment_H.W._2\Assignment_H.W._2.vcproj", "{F250B70D-EBFB-43EB-B8C3-027803257A55}"
EndProject
Global
	GlobalSection(SolutionConfigurationPlatforms) = preSolution
		Debug|Win32 = Debug|Win32
		Release|Win32 = Release|Win32
	EndGlobalSection
	GlobalSection(ProjectConfigurationPlatforms) = postSolution
		{F250B70D-EBFB-43EB-B8C3-027803257A55}.Debug|Win32.ActiveCfg = Debug|Win32
		{F250B70D-EBFB-43EB-B8C3-027803257A55}.Debug|Win32.Build.0 = Debug|Win32
		{F250B70D-EBFB-43EB-B8C3-027803257A55}.Release|Win32.ActiveCfg = Release|Win32
		{F250B70D-EBFB-43EB-B8C3-027803257A55}.Release|Win32.Build.0 = Release|Win32
	EndGlobalSection
	GlobalSection(SolutionProperties) = preSolution
		HideSolutionNode = FALSE
	EndGlobalSection
EndGlobal
